
Microsoft Visual Studio Solution File, Format Version 12.00
# Visual Studio Version 17
VisualStudioVersion = 17.5.33516.290
MinimumVisualStudioVersion = 10.0.40219.1
Project("{2150E333-8FDC-42A3-9474-1A3956D46DE8}") = "Tutorials", "Tutorials", "{F4A21AB8-3641-422A-BDA6-236C753D2D9E}"
EndProject
Project("{8BC9CEB8-8B4A-11D0-8D11-00A0C91BC942}") = "AStarPathFinding", "Tutorials\AITesting\AITesting.vcxproj", "{D1CA952D-769E-46F0-B398-9C86388251A7}"
EndProject
Project("{8BC9CEB8-8B4A-11D0-8D11-00A0C91BC942}") = "NavMesh", "Tutorials\NavMesh\NavMesh.vcxproj", "{57D32D1F-C773-462C-BAD5-5578A62583E1}"
EndProject
Project("{8BC9CEB8-8B4A-11D0-8D11-00A0C91BC942}") = "BehaviourTree", "Tutorials\BehaviourTree\BehaviourTree.vcxproj", "{4D0C771A-45EF-4FC4-A066-0108DA497ACD}"
EndProject
Project("{2150E333-8FDC-42A3-9474-1A3956D46DE8}") = "Assessments", "Assessments", "{235722DF-1D53-42AE-8AB3-D045ED64D90C}"
EndProject
Project("{8BC9CEB8-8B4A-11D0-8D11-00A0C91BC942}") = "DijkstrasShortestPath", "Tutorials\DijkstrasShortestPath\DijkstrasShortestPath.vcxproj", "{A23AB358-11D7-48A9-AB0D-02653E5050E1}"
EndProject
Project("{8BC9CEB8-8B4A-11D0-8D11-00A0C91BC942}") = "FlowFields", "Tutorials\FlowFields\FlowFields.vcxproj", "{62E2A59A-2DEB-4573-B60F-BB174AB8ACF9}"
EndProject
Project("{8BC9CEB8-8B4A-11D0-8D11-00A0C91BC942}") = "HaloAI", "Assessments\HaloAi\HaloAI.vcxproj", "{33A629E5-5085-4D9D-920F-6CE07E9BDCCF}"
EndProject
Project("{8BC9CEB8-8B4A-11D0-8D11-00A0C91BC942}") = "HaloNavMesh", "Assessments\HaloNavMesh\HaloNavMesh.vcxproj", "{E3D4BD7D-1C60-41FB-953B-E1B307BB19C7}"
EndProject
Project("{8BC9CEB8-8B4A-11D0-8D11-00A0C91BC942}") = "ThetaStarPathFinding", "Tutorials\ThetaStarPathFinding\ThetaStarPathFinding.vcxproj", "{7DB404E7-FE71-41A2-AD74-F0A413C0C452}"
EndProject
Global
	GlobalSection(SolutionConfigurationPlatforms) = preSolution
		Debug|x64 = Debug|x64
		Debug|x86 = Debug|x86
		Release|x64 = Release|x64
		Release|x86 = Release|x86
	EndGlobalSection
	GlobalSection(ProjectConfigurationPlatforms) = postSolution
		{D1CA952D-769E-46F0-B398-9C86388251A7}.Debug|x64.ActiveCfg = Debug|x64
		{D1CA952D-769E-46F0-B398-9C86388251A7}.Debug|x64.Build.0 = Debug|x64
		{D1CA952D-769E-46F0-B398-9C86388251A7}.Debug|x86.ActiveCfg = Debug|Win32
		{D1CA952D-769E-46F0-B398-9C86388251A7}.Debug|x86.Build.0 = Debug|Win32
		{D1CA952D-769E-46F0-B398-9C86388251A7}.Release|x64.ActiveCfg = Release|x64
		{D1CA952D-769E-46F0-B398-9C86388251A7}.Release|x64.Build.0 = Release|x64
		{D1CA952D-769E-46F0-B398-9C86388251A7}.Release|x86.ActiveCfg = Release|Win32
		{D1CA952D-769E-46F0-B398-9C86388251A7}.Release|x86.Build.0 = Release|Win32
		{57D32D1F-C773-462C-BAD5-5578A62583E1}.Debug|x64.ActiveCfg = Debug|x64
		{57D32D1F-C773-462C-BAD5-5578A62583E1}.Debug|x64.Build.0 = Debug|x64
		{57D32D1F-C773-462C-BAD5-5578A62583E1}.Debug|x86.ActiveCfg = Debug|Win32
		{57D32D1F-C773-462C-BAD5-5578A62583E1}.Debug|x86.Build.0 = Debug|Win32
		{57D32D1F-C773-462C-BAD5-5578A62583E1}.Release|x64.ActiveCfg = Release|x64
		{57D32D1F-C773-462C-BAD5-5578A62583E1}.Release|x64.Build.0 = Release|x64
		{57D32D1F-C773-462C-BAD5-5578A62583E1}.Release|x86.ActiveCfg = Release|Win32
		{57D32D1F-C773-462C-BAD5-5578A62583E1}.Release|x86.Build.0 = Release|Win32
		{4D0C771A-45EF-4FC4-A066-0108DA497ACD}.Debug|x64.ActiveCfg = Debug|x64
		{4D0C771A-45EF-4FC4-A066-0108DA497ACD}.Debug|x64.Build.0 = Debug|x64
		{4D0C771A-45EF-4FC4-A066-0108DA497ACD}.Debug|x86.ActiveCfg = Debug|Win32
		{4D0C771A-45EF-4FC4-A066-0108DA497ACD}.Debug|x86.Build.0 = Debug|Win32
		{4D0C771A-45EF-4FC4-A066-0108DA497ACD}.Release|x64.ActiveCfg = Release|x64
		{4D0C771A-45EF-4FC4-A066-0108DA497ACD}.Release|x64.Build.0 = Release|x64
		{4D0C771A-45EF-4FC4-A066-0108DA497ACD}.Release|x86.ActiveCfg = Release|Win32
		{4D0C771A-45EF-4FC4-A066-0108DA497ACD}.Release|x86.Build.0 = Release|Win32
		{A23AB358-11D7-48A9-AB0D-02653E5050E1}.Debug|x64.ActiveCfg = Debug|x64
		{A23AB358-11D7-48A9-AB0D-02653E5050E1}.Debug|x64.Build.0 = Debug|x64
		{A23AB358-11D7-48A9-AB0D-02653E5050E1}.Debug|x86.ActiveCfg = Debug|Win32
		{A23AB358-11D7-48A9-AB0D-02653E5050E1}.Debug|x86.Build.0 = Debug|Win32
		{A23AB358-11D7-48A9-AB0D-02653E5050E1}.Release|x64.ActiveCfg = Release|x64
		{A23AB358-11D7-48A9-AB0D-02653E5050E1}.Release|x64.Build.0 = Release|x64
		{A23AB358-11D7-48A9-AB0D-02653E5050E1}.Release|x86.ActiveCfg = Release|Win32
		{A23AB358-11D7-48A9-AB0D-02653E5050E1}.Release|x86.Build.0 = Release|Win32
		{62E2A59A-2DEB-4573-B60F-BB174AB8ACF9}.Debug|x64.ActiveCfg = Debug|x64
		{62E2A59A-2DEB-4573-B60F-BB174AB8ACF9}.Debug|x64.Build.0 = Debug|x64
		{62E2A59A-2DEB-4573-B60F-BB174AB8ACF9}.Debug|x86.ActiveCfg = Debug|Win32
		{62E2A59A-2DEB-4573-B60F-BB174AB8ACF9}.Debug|x86.Build.0 = Debug|Win32
		{62E2A59A-2DEB-4573-B60F-BB174AB8ACF9}.Release|x64.ActiveCfg = Release|x64
		{62E2A59A-2DEB-4573-B60F-BB174AB8ACF9}.Release|x64.Build.0 = Release|x64
		{62E2A59A-2DEB-4573-B60F-BB174AB8ACF9}.Release|x86.ActiveCfg = Release|Win32
		{62E2A59A-2DEB-4573-B60F-BB174AB8ACF9}.Release|x86.Build.0 = Release|Win32
		{33A629E5-5085-4D9D-920F-6CE07E9BDCCF}.Debug|x64.ActiveCfg = Debug|x64
		{33A629E5-5085-4D9D-920F-6CE07E9BDCCF}.Debug|x64.Build.0 = Debug|x64
		{33A629E5-5085-4D9D-920F-6CE07E9BDCCF}.Debug|x86.ActiveCfg = Debug|Win32
		{33A629E5-5085-4D9D-920F-6CE07E9BDCCF}.Debug|x86.Build.0 = Debug|Win32
		{33A629E5-5085-4D9D-920F-6CE07E9BDCCF}.Release|x64.ActiveCfg = Release|x64
		{33A629E5-5085-4D9D-920F-6CE07E9BDCCF}.Release|x64.Build.0 = Release|x64
		{33A629E5-5085-4D9D-920F-6CE07E9BDCCF}.Release|x86.ActiveCfg = Release|Win32
		{33A629E5-5085-4D9D-920F-6CE07E9BDCCF}.Release|x86.Build.0 = Release|Win32
		{E3D4BD7D-1C60-41FB-953B-E1B307BB19C7}.Debug|x64.ActiveCfg = Debug|x64
		{E3D4BD7D-1C60-41FB-953B-E1B307BB19C7}.Debug|x64.Build.0 = Debug|x64
		{E3D4BD7D-1C60-41FB-953B-E1B307BB19C7}.Debug|x86.ActiveCfg = Debug|Win32
		{E3D4BD7D-1C60-41FB-953B-E1B307BB19C7}.Debug|x86.Build.0 = Debug|Win32
		{E3D4BD7D-1C60-41FB-953B-E1B307BB19C7}.Release|x64.ActiveCfg = Release|x64
		{E3D4BD7D-1C60-41FB-953B-E1B307BB19C7}.Release|x64.Build.0 = Release|x64
		{E3D4BD7D-1C60-41FB-953B-E1B307BB19C7}.Release|x86.ActiveCfg = Release|Win32
		{E3D4BD7D-1C60-41FB-953B-E1B307BB19C7}.Release|x86.Build.0 = Release|Win32
		{7DB404E7-FE71-41A2-AD74-F0A413C0C452}.Debug|x64.ActiveCfg = Debug|x64
		{7DB404E7-FE71-41A2-AD74-F0A413C0C452}.Debug|x64.Build.0 = Debug|x64
		{7DB404E7-FE71-41A2-AD74-F0A413C0C452}.Debug|x86.ActiveCfg = Debug|Win32
		{7DB404E7-FE71-41A2-AD74-F0A413C0C452}.Debug|x86.Build.0 = Debug|Win32
		{7DB404E7-FE71-41A2-AD74-F0A413C0C452}.Release|x64.ActiveCfg = Release|x64
		{7DB404E7-FE71-41A2-AD74-F0A413C0C452}.Release|x64.Build.0 = Release|x64
		{7DB404E7-FE71-41A2-AD74-F0A413C0C452}.Release|x86.ActiveCfg = Release|Win32
		{7DB404E7-FE71-41A2-AD74-F0A413C0C452}.Release|x86.Build.0 = Release|Win32
	EndGlobalSection
	GlobalSection(SolutionProperties) = preSolution
		HideSolutionNode = FALSE
	EndGlobalSection
	GlobalSection(NestedProjects) = preSolution
		{D1CA952D-769E-46F0-B398-9C86388251A7} = {F4A21AB8-3641-422A-BDA6-236C753D2D9E}
		{57D32D1F-C773-462C-BAD5-5578A62583E1} = {F4A21AB8-3641-422A-BDA6-236C753D2D9E}
		{4D0C771A-45EF-4FC4-A066-0108DA497ACD} = {F4A21AB8-3641-422A-BDA6-236C753D2D9E}
		{A23AB358-11D7-48A9-AB0D-02653E5050E1} = {F4A21AB8-3641-422A-BDA6-236C753D2D9E}
		{62E2A59A-2DEB-4573-B60F-BB174AB8ACF9} = {F4A21AB8-3641-422A-BDA6-236C753D2D9E}
		{33A629E5-5085-4D9D-920F-6CE07E9BDCCF} = {235722DF-1D53-42AE-8AB3-D045ED64D90C}
		{E3D4BD7D-1C60-41FB-953B-E1B307BB19C7} = {235722DF-1D53-42AE-8AB3-D045ED64D90C}
		{7DB404E7-FE71-41A2-AD74-F0A413C0C452} = {F4A21AB8-3641-422A-BDA6-236C753D2D9E}
	EndGlobalSection
	GlobalSection(ExtensibilityGlobals) = postSolution
		SolutionGuid = {1D86DEBF-D6C3-48AA-BFBE-7047545B8097}
	EndGlobalSection
EndGlobal
